
Microsoft Visual Studio Solution File, Format Version 12.00
# Visual Studio 15
VisualStudioVersion = 15.0.28010.2036
MinimumVisualStudioVersion = 10.0.40219.1
Project("{FAE04EC0-301F-11D3-BF4B-00C04F79EFBC}") = "Jshop.Android", "Jshop\Jshop.Android\Jshop.Android.csproj", "{9FECF970-4878-4491-AC14-FC875432B586}"
EndProject
Project("{FAE04EC0-301F-11D3-BF4B-00C04F79EFBC}") = "Jshop.iOS", "Jshop\Jshop.iOS\Jshop.iOS.csproj", "{3C582345-315D-4EAE-8FCB-CC65821BA5AF}"
EndProject
Project("{FAE04EC0-301F-11D3-BF4B-00C04F79EFBC}") = "Jshop", "Jshop\Jshop\Jshop.csproj", "{72115FD2-8CE1-47CA-BE2B-8C57D9907972}"
EndProject
Project("{FAE04EC0-301F-11D3-BF4B-00C04F79EFBC}") = "Jshop.Common", "Jshop.Common\Jshop.Common.csproj", "{DB2A65FE-ABA7-4F24-88E5-EA96881CDEA1}"
EndProject
Project("{FAE04EC0-301F-11D3-BF4B-00C04F79EFBC}") = "Jshop.Domain", "Jshop.Domain\Jshop.Domain.csproj", "{5EE32C88-6C4D-4578-9F6D-F3099EB39933}"
EndProject
Project("{FAE04EC0-301F-11D3-BF4B-00C04F79EFBC}") = "Jshop.Api", "Jshop.Api\Jshop.Api.csproj", "{6160597D-CAAA-4F03-82FE-D8B36D2EE2FA}"
EndProject
Project("{FAE04EC0-301F-11D3-BF4B-00C04F79EFBC}") = "Jshop.Backend", "Jshop.Backend\Jshop.Backend.csproj", "{2DF18E5E-CB28-4E17-86AE-7E6597F868CA}"
EndProject
Global
	GlobalSection(SolutionConfigurationPlatforms) = preSolution
		Ad-Hoc|Any CPU = Ad-Hoc|Any CPU
		Ad-Hoc|iPhone = Ad-Hoc|iPhone
		Ad-Hoc|iPhoneSimulator = Ad-Hoc|iPhoneSimulator
		AppStore|Any CPU = AppStore|Any CPU
		AppStore|iPhone = AppStore|iPhone
		AppStore|iPhoneSimulator = AppStore|iPhoneSimulator
		Debug|Any CPU = Debug|Any CPU
		Debug|iPhone = Debug|iPhone
		Debug|iPhoneSimulator = Debug|iPhoneSimulator
		Release|Any CPU = Release|Any CPU
		Release|iPhone = Release|iPhone
		Release|iPhoneSimulator = Release|iPhoneSimulator
	EndGlobalSection
	GlobalSection(ProjectConfigurationPlatforms) = postSolution
		{9FECF970-4878-4491-AC14-FC875432B586}.Ad-Hoc|Any CPU.ActiveCfg = Release|Any CPU
		{9FECF970-4878-4491-AC14-FC875432B586}.Ad-Hoc|Any CPU.Build.0 = Release|Any CPU
		{9FECF970-4878-4491-AC14-FC875432B586}.Ad-Hoc|Any CPU.Deploy.0 = Release|Any CPU
		{9FECF970-4878-4491-AC14-FC875432B586}.Ad-Hoc|iPhone.ActiveCfg = Release|Any CPU
		{9FECF970-4878-4491-AC14-FC875432B586}.Ad-Hoc|iPhone.Build.0 = Release|Any CPU
		{9FECF970-4878-4491-AC14-FC875432B586}.Ad-Hoc|iPhone.Deploy.0 = Release|Any CPU
		{9FECF970-4878-4491-AC14-FC875432B586}.Ad-Hoc|iPhoneSimulator.ActiveCfg = Release|Any CPU
		{9FECF970-4878-4491-AC14-FC875432B586}.Ad-Hoc|iPhoneSimulator.Build.0 = Release|Any CPU
		{9FECF970-4878-4491-AC14-FC875432B586}.Ad-Hoc|iPhoneSimulator.Deploy.0 = Release|Any CPU
		{9FECF970-4878-4491-AC14-FC875432B586}.AppStore|Any CPU.ActiveCfg = Release|Any CPU
		{9FECF970-4878-4491-AC14-FC875432B586}.AppStore|Any CPU.Build.0 = Release|Any CPU
		{9FECF970-4878-4491-AC14-FC875432B586}.AppStore|Any CPU.Deploy.0 = Release|Any CPU
		{9FECF970-4878-4491-AC14-FC875432B586}.AppStore|iPhone.ActiveCfg = Release|Any CPU
		{9FECF970-4878-4491-AC14-FC875432B586}.AppStore|iPhone.Build.0 = Release|Any CPU
		{9FECF970-4878-4491-AC14-FC875432B586}.AppStore|iPhone.Deploy.0 = Release|Any CPU
		{9FECF970-4878-4491-AC14-FC875432B586}.AppStore|iPhoneSimulator.ActiveCfg = Release|Any CPU
		{9FECF970-4878-4491-AC14-FC875432B586}.AppStore|iPhoneSimulator.Build.0 = Release|Any CPU
		{9FECF970-4878-4491-AC14-FC875432B586}.AppStore|iPhoneSimulator.Deploy.0 = Release|Any CPU
		{9FECF970-4878-4491-AC14-FC875432B586}.Debug|Any CPU.ActiveCfg = Debug|Any CPU
		{9FECF970-4878-4491-AC14-FC875432B586}.Debug|Any CPU.Build.0 = Debug|Any CPU
		{9FECF970-4878-4491-AC14-FC875432B586}.Debug|Any CPU.Deploy.0 = Debug|Any CPU
		{9FECF970-4878-4491-AC14-FC875432B586}.Debug|iPhone.ActiveCfg = Debug|Any CPU
		{9FECF970-4878-4491-AC14-FC875432B586}.Debug|iPhone.Build.0 = Debug|Any CPU
		{9FECF970-4878-4491-AC14-FC875432B586}.Debug|iPhone.Deploy.0 = Debug|Any CPU
		{9FECF970-4878-4491-AC14-FC875432B586}.Debug|iPhoneSimulator.ActiveCfg = Debug|Any CPU
		{9FECF970-4878-4491-AC14-FC875432B586}.Debug|iPhoneSimulator.Build.0 = Debug|Any CPU
		{9FECF970-4878-4491-AC14-FC875432B586}.Debug|iPhoneSimulator.Deploy.0 = Debug|Any CPU
		{9FECF970-4878-4491-AC14-FC875432B586}.Release|Any CPU.ActiveCfg = Release|Any CPU
		{9FECF970-4878-4491-AC14-FC875432B586}.Release|Any CPU.Build.0 = Release|Any CPU
		{9FECF970-4878-4491-AC14-FC875432B586}.Release|Any CPU.Deploy.0 = Release|Any CPU
		{9FECF970-4878-4491-AC14-FC875432B586}.Release|iPhone.ActiveCfg = Release|Any CPU
		{9FECF970-4878-4491-AC14-FC875432B586}.Release|iPhone.Build.0 = Release|Any CPU
		{9FECF970-4878-4491-AC14-FC875432B586}.Release|iPhone.Deploy.0 = Release|Any CPU
		{9FECF970-4878-4491-AC14-FC875432B586}.Release|iPhoneSimulator.ActiveCfg = Release|Any CPU
		{9FECF970-4878-4491-AC14-FC875432B586}.Release|iPhoneSimulator.Build.0 = Release|Any CPU
		{9FECF970-4878-4491-AC14-FC875432B586}.Release|iPhoneSimulator.Deploy.0 = Release|Any CPU
		{3C582345-315D-4EAE-8FCB-CC65821BA5AF}.Ad-Hoc|Any CPU.ActiveCfg = Ad-Hoc|iPhone
		{3C582345-315D-4EAE-8FCB-CC65821BA5AF}.Ad-Hoc|Any CPU.Build.0 = Ad-Hoc|iPhone
		{3C582345-315D-4EAE-8FCB-CC65821BA5AF}.Ad-Hoc|Any CPU.Deploy.0 = Ad-Hoc|iPhone
		{3C582345-315D-4EAE-8FCB-CC65821BA5AF}.Ad-Hoc|iPhone.ActiveCfg = Ad-Hoc|iPhone
		{3C582345-315D-4EAE-8FCB-CC65821BA5AF}.Ad-Hoc|iPhone.Build.0 = Ad-Hoc|iPhone
		{3C582345-315D-4EAE-8FCB-CC65821BA5AF}.Ad-Hoc|iPhone.Deploy.0 = Ad-Hoc|iPhone
		{3C582345-315D-4EAE-8FCB-CC65821BA5AF}.Ad-Hoc|iPhoneSimulator.ActiveCfg = Ad-Hoc|iPhoneSimulator
		{3C582345-315D-4EAE-8FCB-CC65821BA5AF}.Ad-Hoc|iPhoneSimulator.Build.0 = Ad-Hoc|iPhoneSimulator
		{3C582345-315D-4EAE-8FCB-CC65821BA5AF}.Ad-Hoc|iPhoneSimulator.Deploy.0 = Ad-Hoc|iPhoneSimulator
		{3C582345-315D-4EAE-8FCB-CC65821BA5AF}.AppStore|Any CPU.ActiveCfg = AppStore|iPhone
		{3C582345-315D-4EAE-8FCB-CC65821BA5AF}.AppStore|Any CPU.Build.0 = AppStore|iPhone
		{3C582345-315D-4EAE-8FCB-CC65821BA5AF}.AppStore|Any CPU.Deploy.0 = AppStore|iPhone
		{3C582345-315D-4EAE-8FCB-CC65821BA5AF}.AppStore|iPhone.ActiveCfg = AppStore|iPhone
		{3C582345-315D-4EAE-8FCB-CC65821BA5AF}.AppStore|iPhone.Build.0 = AppStore|iPhone
		{3C582345-315D-4EAE-8FCB-CC65821BA5AF}.AppStore|iPhone.Deploy.0 = AppStore|iPhone
		{3C582345-315D-4EAE-8FCB-CC65821BA5AF}.AppStore|iPhoneSimulator.ActiveCfg = AppStore|iPhoneSimulator
		{3C582345-315D-4EAE-8FCB-CC65821BA5AF}.AppStore|iPhoneSimulator.Build.0 = AppStore|iPhoneSimulator
		{3C582345-315D-4EAE-8FCB-CC65821BA5AF}.AppStore|iPhoneSimulator.Deploy.0 = AppStore|iPhoneSimulator
		{3C582345-315D-4EAE-8FCB-CC65821BA5AF}.Debug|Any CPU.ActiveCfg = Debug|iPhoneSimulator
		{3C582345-315D-4EAE-8FCB-CC65821BA5AF}.Debug|Any CPU.Build.0 = Debug|iPhoneSimulator
		{3C582345-315D-4EAE-8FCB-CC65821BA5AF}.Debug|Any CPU.Deploy.0 = Debug|iPhoneSimulator
		{3C582345-315D-4EAE-8FCB-CC65821BA5AF}.Debug|iPhone.ActiveCfg = Debug|iPhone
		{3C582345-315D-4EAE-8FCB-CC65821BA5AF}.Debug|iPhone.Build.0 = Debug|iPhone
		{3C582345-315D-4EAE-8FCB-CC65821BA5AF}.Debug|iPhone.Deploy.0 = Debug|iPhone
		{3C582345-315D-4EAE-8FCB-CC65821BA5AF}.Debug|iPhoneSimulator.ActiveCfg = Debug|iPhoneSimulator
		{3C582345-315D-4EAE-8FCB-CC65821BA5AF}.Debug|iPhoneSimulator.Build.0 = Debug|iPhoneSimulator
		{3C582345-315D-4EAE-8FCB-CC65821BA5AF}.Debug|iPhoneSimulator.Deploy.0 = Debug|iPhoneSimulator
		{3C582345-315D-4EAE-8FCB-CC65821BA5AF}.Release|Any CPU.ActiveCfg = Release|iPhone
		{3C582345-315D-4EAE-8FCB-CC65821BA5AF}.Release|Any CPU.Build.0 = Release|iPhone
		{3C582345-315D-4EAE-8FCB-CC65821BA5AF}.Release|Any CPU.Deploy.0 = Release|iPhone
		{3C582345-315D-4EAE-8FCB-CC65821BA5AF}.Release|iPhone.ActiveCfg = Release|iPhone
		{3C582345-315D-4EAE-8FCB-CC65821BA5AF}.Release|iPhone.Build.0 = Release|iPhone
		{3C582345-315D-4EAE-8FCB-CC65821BA5AF}.Release|iPhone.Deploy.0 = Release|iPhone
		{3C582345-315D-4EAE-8FCB-CC65821BA5AF}.Release|iPhoneSimulator.ActiveCfg = Release|iPhoneSimulator
		{3C582345-315D-4EAE-8FCB-CC65821BA5AF}.Release|iPhoneSimulator.Build.0 = Release|iPhoneSimulator
		{3C582345-315D-4EAE-8FCB-CC65821BA5AF}.Release|iPhoneSimulator.Deploy.0 = Release|iPhoneSimulator
		{72115FD2-8CE1-47CA-BE2B-8C57D9907972}.Ad-Hoc|Any CPU.ActiveCfg = Debug|Any CPU
		{72115FD2-8CE1-47CA-BE2B-8C57D9907972}.Ad-Hoc|Any CPU.Build.0 = Debug|Any CPU
		{72115FD2-8CE1-47CA-BE2B-8C57D9907972}.Ad-Hoc|Any CPU.Deploy.0 = Debug|Any CPU
		{72115FD2-8CE1-47CA-BE2B-8C57D9907972}.Ad-Hoc|iPhone.ActiveCfg = Debug|Any CPU
		{72115FD2-8CE1-47CA-BE2B-8C57D9907972}.Ad-Hoc|iPhone.Build.0 = Debug|Any CPU
		{72115FD2-8CE1-47CA-BE2B-8C57D9907972}.Ad-Hoc|iPhone.Deploy.0 = Debug|Any CPU
		{72115FD2-8CE1-47CA-BE2B-8C57D9907972}.Ad-Hoc|iPhoneSimulator.ActiveCfg = Debug|Any CPU
		{72115FD2-8CE1-47CA-BE2B-8C57D9907972}.Ad-Hoc|iPhoneSimulator.Build.0 = Debug|Any CPU
		{72115FD2-8CE1-47CA-BE2B-8C57D9907972}.Ad-Hoc|iPhoneSimulator.Deploy.0 = Debug|Any CPU
		{72115FD2-8CE1-47CA-BE2B-8C57D9907972}.AppStore|Any CPU.ActiveCfg = Debug|Any CPU
		{72115FD2-8CE1-47CA-BE2B-8C57D9907972}.AppStore|Any CPU.Build.0 = Debug|Any CPU
		{72115FD2-8CE1-47CA-BE2B-8C57D9907972}.AppStore|Any CPU.Deploy.0 = Debug|Any CPU
		{72115FD2-8CE1-47CA-BE2B-8C57D9907972}.AppStore|iPhone.ActiveCfg = Debug|Any CPU
		{72115FD2-8CE1-47CA-BE2B-8C57D9907972}.AppStore|iPhone.Build.0 = Debug|Any CPU
		{72115FD2-8CE1-47CA-BE2B-8C57D9907972}.AppStore|iPhone.Deploy.0 = Debug|Any CPU
		{72115FD2-8CE1-47CA-BE2B-8C57D9907972}.AppStore|iPhoneSimulator.ActiveCfg = Debug|Any CPU
		{72115FD2-8CE1-47CA-BE2B-8C57D9907972}.AppStore|iPhoneSimulator.Build.0 = Debug|Any CPU
		{72115FD2-8CE1-47CA-BE2B-8C57D9907972}.AppStore|iPhoneSimulator.Deploy.0 = Debug|Any CPU
		{72115FD2-8CE1-47CA-BE2B-8C57D9907972}.Debug|Any CPU.ActiveCfg = Debug|Any CPU
		{72115FD2-8CE1-47CA-BE2B-8C57D9907972}.Debug|Any CPU.Build.0 = Debug|Any CPU
		{72115FD2-8CE1-47CA-BE2B-8C57D9907972}.Debug|Any CPU.Deploy.0 = Debug|Any CPU
		{72115FD2-8CE1-47CA-BE2B-8C57D9907972}.Debug|iPhone.ActiveCfg = Debug|Any CPU
		{72115FD2-8CE1-47CA-BE2B-8C57D9907972}.Debug|iPhone.Build.0 = Debug|Any CPU
		{72115FD2-8CE1-47CA-BE2B-8C57D9907972}.Debug|iPhone.Deploy.0 = Debug|Any CPU
		{72115FD2-8CE1-47CA-BE2B-8C57D9907972}.Debug|iPhoneSimulator.ActiveCfg = Debug|Any CPU
		{72115FD2-8CE1-47CA-BE2B-8C57D9907972}.Debug|iPhoneSimulator.Build.0 = Debug|Any CPU
		{72115FD2-8CE1-47CA-BE2B-8C57D9907972}.Debug|iPhoneSimulator.Deploy.0 = Debug|Any CPU
		{72115FD2-8CE1-47CA-BE2B-8C57D9907972}.Release|Any CPU.ActiveCfg = Release|Any CPU
		{72115FD2-8CE1-47CA-BE2B-8C57D9907972}.Release|Any CPU.Build.0 = Release|Any CPU
		{72115FD2-8CE1-47CA-BE2B-8C57D9907972}.Release|Any CPU.Deploy.0 = Release|Any CPU
		{72115FD2-8CE1-47CA-BE2B-8C57D9907972}.Release|iPhone.ActiveCfg = Release|Any CPU
		{72115FD2-8CE1-47CA-BE2B-8C57D9907972}.Release|iPhone.Build.0 = Release|Any CPU
		{72115FD2-8CE1-47CA-BE2B-8C57D9907972}.Release|iPhone.Deploy.0 = Release|Any CPU
		{72115FD2-8CE1-47CA-BE2B-8C57D9907972}.Release|iPhoneSimulator.ActiveCfg = Release|Any CPU
		{72115FD2-8CE1-47CA-BE2B-8C57D9907972}.Release|iPhoneSimulator.Build.0 = Release|Any CPU
		{72115FD2-8CE1-47CA-BE2B-8C57D9907972}.Release|iPhoneSimulator.Deploy.0 = Release|Any CPU
		{DB2A65FE-ABA7-4F24-88E5-EA96881CDEA1}.Ad-Hoc|Any CPU.ActiveCfg = Debug|Any CPU
		{DB2A65FE-ABA7-4F24-88E5-EA96881CDEA1}.Ad-Hoc|Any CPU.Build.0 = Debug|Any CPU
		{DB2A65FE-ABA7-4F24-88E5-EA96881CDEA1}.Ad-Hoc|iPhone.ActiveCfg = Debug|Any CPU
		{DB2A65FE-ABA7-4F24-88E5-EA96881CDEA1}.Ad-Hoc|iPhone.Build.0 = Debug|Any CPU
		{DB2A65FE-ABA7-4F24-88E5-EA96881CDEA1}.Ad-Hoc|iPhoneSimulator.ActiveCfg = Debug|Any CPU
		{DB2A65FE-ABA7-4F24-88E5-EA96881CDEA1}.Ad-Hoc|iPhoneSimulator.Build.0 = Debug|Any CPU
		{DB2A65FE-ABA7-4F24-88E5-EA96881CDEA1}.AppStore|Any CPU.ActiveCfg = Debug|Any CPU
		{DB2A65FE-ABA7-4F24-88E5-EA96881CDEA1}.AppStore|Any CPU.Build.0 = Debug|Any CPU
		{DB2A65FE-ABA7-4F24-88E5-EA96881CDEA1}.AppStore|iPhone.ActiveCfg = Debug|Any CPU
		{DB2A65FE-ABA7-4F24-88E5-EA96881CDEA1}.AppStore|iPhone.Build.0 = Debug|Any CPU
		{DB2A65FE-ABA7-4F24-88E5-EA96881CDEA1}.AppStore|iPhoneSimulator.ActiveCfg = Debug|Any CPU
		{DB2A65FE-ABA7-4F24-88E5-EA96881CDEA1}.AppStore|iPhoneSimulator.Build.0 = Debug|Any CPU
		{DB2A65FE-ABA7-4F24-88E5-EA96881CDEA1}.Debug|Any CPU.ActiveCfg = Debug|Any CPU
		{DB2A65FE-ABA7-4F24-88E5-EA96881CDEA1}.Debug|Any CPU.Build.0 = Debug|Any CPU
		{DB2A65FE-ABA7-4F24-88E5-EA96881CDEA1}.Debug|iPhone.ActiveCfg = Debug|Any CPU
		{DB2A65FE-ABA7-4F24-88E5-EA96881CDEA1}.Debug|iPhone.Build.0 = Debug|Any CPU
		{DB2A65FE-ABA7-4F24-88E5-EA96881CDEA1}.Debug|iPhoneSimulator.ActiveCfg = Debug|Any CPU
		{DB2A65FE-ABA7-4F24-88E5-EA96881CDEA1}.Debug|iPhoneSimulator.Build.0 = Debug|Any CPU
		{DB2A65FE-ABA7-4F24-88E5-EA96881CDEA1}.Release|Any CPU.ActiveCfg = Release|Any CPU
		{DB2A65FE-ABA7-4F24-88E5-EA96881CDEA1}.Release|Any CPU.Build.0 = Release|Any CPU
		{DB2A65FE-ABA7-4F24-88E5-EA96881CDEA1}.Release|iPhone.ActiveCfg = Release|Any CPU
		{DB2A65FE-ABA7-4F24-88E5-EA96881CDEA1}.Release|iPhone.Build.0 = Release|Any CPU
		{DB2A65FE-ABA7-4F24-88E5-EA96881CDEA1}.Release|iPhoneSimulator.ActiveCfg = Release|Any CPU
		{DB2A65FE-ABA7-4F24-88E5-EA96881CDEA1}.Release|iPhoneSimulator.Build.0 = Release|Any CPU
		{5EE32C88-6C4D-4578-9F6D-F3099EB39933}.Ad-Hoc|Any CPU.ActiveCfg = Debug|Any CPU
		{5EE32C88-6C4D-4578-9F6D-F3099EB39933}.Ad-Hoc|Any CPU.Build.0 = Debug|Any CPU
		{5EE32C88-6C4D-4578-9F6D-F3099EB39933}.Ad-Hoc|iPhone.ActiveCfg = Debug|Any CPU
		{5EE32C88-6C4D-4578-9F6D-F3099EB39933}.Ad-Hoc|iPhone.Build.0 = Debug|Any CPU
		{5EE32C88-6C4D-4578-9F6D-F3099EB39933}.Ad-Hoc|iPhoneSimulator.ActiveCfg = Debug|Any CPU
		{5EE32C88-6C4D-4578-9F6D-F3099EB39933}.Ad-Hoc|iPhoneSimulator.Build.0 = Debug|Any CPU
		{5EE32C88-6C4D-4578-9F6D-F3099EB39933}.AppStore|Any CPU.ActiveCfg = Debug|Any CPU
		{5EE32C88-6C4D-4578-9F6D-F3099EB39933}.AppStore|Any CPU.Build.0 = Debug|Any CPU
		{5EE32C88-6C4D-4578-9F6D-F3099EB39933}.AppStore|iPhone.ActiveCfg = Debug|Any CPU
		{5EE32C88-6C4D-4578-9F6D-F3099EB39933}.AppStore|iPhone.Build.0 = Debug|Any CPU
		{5EE32C88-6C4D-4578-9F6D-F3099EB39933}.AppStore|iPhoneSimulator.ActiveCfg = Debug|Any CPU
		{5EE32C88-6C4D-4578-9F6D-F3099EB39933}.AppStore|iPhoneSimulator.Build.0 = Debug|Any CPU
		{5EE32C88-6C4D-4578-9F6D-F3099EB39933}.Debug|Any CPU.ActiveCfg = Debug|Any CPU
		{5EE32C88-6C4D-4578-9F6D-F3099EB39933}.Debug|Any CPU.Build.0 = Debug|Any CPU
		{5EE32C88-6C4D-4578-9F6D-F3099EB39933}.Debug|iPhone.ActiveCfg = Debug|Any CPU
		{5EE32C88-6C4D-4578-9F6D-F3099EB39933}.Debug|iPhone.Build.0 = Debug|Any CPU
		{5EE32C88-6C4D-4578-9F6D-F3099EB39933}.Debug|iPhoneSimulator.ActiveCfg = Debug|Any CPU
		{5EE32C88-6C4D-4578-9F6D-F3099EB39933}.Debug|iPhoneSimulator.Build.0 = Debug|Any CPU
		{5EE32C88-6C4D-4578-9F6D-F3099EB39933}.Release|Any CPU.ActiveCfg = Release|Any CPU
		{5EE32C88-6C4D-4578-9F6D-F3099EB39933}.Release|Any CPU.Build.0 = Release|Any CPU
		{5EE32C88-6C4D-4578-9F6D-F3099EB39933}.Release|iPhone.ActiveCfg = Release|Any CPU
		{5EE32C88-6C4D-4578-9F6D-F3099EB39933}.Release|iPhone.Build.0 = Release|Any CPU
		{5EE32C88-6C4D-4578-9F6D-F3099EB39933}.Release|iPhoneSimulator.ActiveCfg = Release|Any CPU
		{5EE32C88-6C4D-4578-9F6D-F3099EB39933}.Release|iPhoneSimulator.Build.0 = Release|Any CPU
		{6160597D-CAAA-4F03-82FE-D8B36D2EE2FA}.Ad-Hoc|Any CPU.ActiveCfg = Debug|Any CPU
		{6160597D-CAAA-4F03-82FE-D8B36D2EE2FA}.Ad-Hoc|Any CPU.Build.0 = Debug|Any CPU
		{6160597D-CAAA-4F03-82FE-D8B36D2EE2FA}.Ad-Hoc|iPhone.ActiveCfg = Debug|Any CPU
		{6160597D-CAAA-4F03-82FE-D8B36D2EE2FA}.Ad-Hoc|iPhone.Build.0 = Debug|Any CPU
		{6160597D-CAAA-4F03-82FE-D8B36D2EE2FA}.Ad-Hoc|iPhoneSimulator.ActiveCfg = Debug|Any CPU
		{6160597D-CAAA-4F03-82FE-D8B36D2EE2FA}.Ad-Hoc|iPhoneSimulator.Build.0 = Debug|Any CPU
		{6160597D-CAAA-4F03-82FE-D8B36D2EE2FA}.AppStore|Any CPU.ActiveCfg = Debug|Any CPU
		{6160597D-CAAA-4F03-82FE-D8B36D2EE2FA}.AppStore|Any CPU.Build.0 = Debug|Any CPU
		{6160597D-CAAA-4F03-82FE-D8B36D2EE2FA}.AppStore|iPhone.ActiveCfg = Debug|Any CPU
		{6160597D-CAAA-4F03-82FE-D8B36D2EE2FA}.AppStore|iPhone.Build.0 = Debug|Any CPU
		{6160597D-CAAA-4F03-82FE-D8B36D2EE2FA}.AppStore|iPhoneSimulator.ActiveCfg = Debug|Any CPU
		{6160597D-CAAA-4F03-82FE-D8B36D2EE2FA}.AppStore|iPhoneSimulator.Build.0 = Debug|Any CPU
		{6160597D-CAAA-4F03-82FE-D8B36D2EE2FA}.Debug|Any CPU.ActiveCfg = Debug|Any CPU
		{6160597D-CAAA-4F03-82FE-D8B36D2EE2FA}.Debug|Any CPU.Build.0 = Debug|Any CPU
		{6160597D-CAAA-4F03-82FE-D8B36D2EE2FA}.Debug|iPhone.ActiveCfg = Debug|Any CPU
		{6160597D-CAAA-4F03-82FE-D8B36D2EE2FA}.Debug|iPhone.Build.0 = Debug|Any CPU
		{6160597D-CAAA-4F03-82FE-D8B36D2EE2FA}.Debug|iPhoneSimulator.ActiveCfg = Debug|Any CPU
		{6160597D-CAAA-4F03-82FE-D8B36D2EE2FA}.Debug|iPhoneSimulator.Build.0 = Debug|Any CPU
		{6160597D-CAAA-4F03-82FE-D8B36D2EE2FA}.Release|Any CPU.ActiveCfg = Release|Any CPU
		{6160597D-CAAA-4F03-82FE-D8B36D2EE2FA}.Release|Any CPU.Build.0 = Release|Any CPU
		{6160597D-CAAA-4F03-82FE-D8B36D2EE2FA}.Release|iPhone.ActiveCfg = Release|Any CPU
		{6160597D-CAAA-4F03-82FE-D8B36D2EE2FA}.Release|iPhone.Build.0 = Release|Any CPU
		{6160597D-CAAA-4F03-82FE-D8B36D2EE2FA}.Release|iPhoneSimulator.ActiveCfg = Release|Any CPU
		{6160597D-CAAA-4F03-82FE-D8B36D2EE2FA}.Release|iPhoneSimulator.Build.0 = Release|Any CPU
		{2DF18E5E-CB28-4E17-86AE-7E6597F868CA}.Ad-Hoc|Any CPU.ActiveCfg = Debug|Any CPU
		{2DF18E5E-CB28-4E17-86AE-7E6597F868CA}.Ad-Hoc|Any CPU.Build.0 = Debug|Any CPU
		{2DF18E5E-CB28-4E17-86AE-7E6597F868CA}.Ad-Hoc|iPhone.ActiveCfg = Debug|Any CPU
		{2DF18E5E-CB28-4E17-86AE-7E6597F868CA}.Ad-Hoc|iPhone.Build.0 = Debug|Any CPU
		{2DF18E5E-CB28-4E17-86AE-7E6597F868CA}.Ad-Hoc|iPhoneSimulator.ActiveCfg = Debug|Any CPU
		{2DF18E5E-CB28-4E17-86AE-7E6597F868CA}.Ad-Hoc|iPhoneSimulator.Build.0 = Debug|Any CPU
		{2DF18E5E-CB28-4E17-86AE-7E6597F868CA}.AppStore|Any CPU.ActiveCfg = Debug|Any CPU
		{2DF18E5E-CB28-4E17-86AE-7E6597F868CA}.AppStore|Any CPU.Build.0 = Debug|Any CPU
		{2DF18E5E-CB28-4E17-86AE-7E6597F868CA}.AppStore|iPhone.ActiveCfg = Debug|Any CPU
		{2DF18E5E-CB28-4E17-86AE-7E6597F868CA}.AppStore|iPhone.Build.0 = Debug|Any CPU
		{2DF18E5E-CB28-4E17-86AE-7E6597F868CA}.AppStore|iPhoneSimulator.ActiveCfg = Debug|Any CPU
		{2DF18E5E-CB28-4E17-86AE-7E6597F868CA}.AppStore|iPhoneSimulator.Build.0 = Debug|Any CPU
		{2DF18E5E-CB28-4E17-86AE-7E6597F868CA}.Debug|Any CPU.ActiveCfg = Debug|Any CPU
		{2DF18E5E-CB28-4E17-86AE-7E6597F868CA}.Debug|Any CPU.Build.0 = Debug|Any CPU
		{2DF18E5E-CB28-4E17-86AE-7E6597F868CA}.Debug|iPhone.ActiveCfg = Debug|Any CPU
		{2DF18E5E-CB28-4E17-86AE-7E6597F868CA}.Debug|iPhone.Build.0 = Debug|Any CPU
		{2DF18E5E-CB28-4E17-86AE-7E6597F868CA}.Debug|iPhoneSimulator.ActiveCfg = Debug|Any CPU
		{2DF18E5E-CB28-4E17-86AE-7E6597F868CA}.Debug|iPhoneSimulator.Build.0 = Debug|Any CPU
		{2DF18E5E-CB28-4E17-86AE-7E6597F868CA}.Release|Any CPU.ActiveCfg = Release|Any CPU
		{2DF18E5E-CB28-4E17-86AE-7E6597F868CA}.Release|Any CPU.Build.0 = Release|Any CPU
		{2DF18E5E-CB28-4E17-86AE-7E6597F868CA}.Release|iPhone.ActiveCfg = Release|Any CPU
		{2DF18E5E-CB28-4E17-86AE-7E6597F868CA}.Release|iPhone.Build.0 = Release|Any CPU
		{2DF18E5E-CB28-4E17-86AE-7E6597F868CA}.Release|iPhoneSimulator.ActiveCfg = Release|Any CPU
		{2DF18E5E-CB28-4E17-86AE-7E6597F868CA}.Release|iPhoneSimulator.Build.0 = Release|Any CPU
	EndGlobalSection
	GlobalSection(SolutionProperties) = preSolution
		HideSolutionNode = FALSE
	EndGlobalSection
	GlobalSection(ExtensibilityGlobals) = postSolution
		SolutionGuid = {3EA602C3-3BF0-45FB-8E49-159E5BD3D3C8}
	EndGlobalSection
EndGlobal
